
Microsoft Visual Studio Solution File, Format Version 12.00
# Visual Studio Version 17
VisualStudioVersion = 17.5.33502.453
MinimumVisualStudioVersion = 10.0.40219.1
Project("{FAE04EC0-301F-11D3-BF4B-00C04F79EFBC}") = "GUI I2G", "GUI I2G\GUI I2G.csproj", "{592A5C60-FECE-4346-A08F-B4D34B80420B}"
EndProject
Global
	GlobalSection(SolutionConfigurationPlatforms) = preSolution
		Debug|Any CPU = Debug|Any CPU
		Release|Any CPU = Release|Any CPU
	EndGlobalSection
	GlobalSection(ProjectConfigurationPlatforms) = postSolution
		{592A5C60-FECE-4346-A08F-B4D34B80420B}.Debug|Any CPU.ActiveCfg = Debug|Any CPU
		{592A5C60-FECE-4346-A08F-B4D34B80420B}.Debug|Any CPU.Build.0 = Debug|Any CPU
		{592A5C60-FECE-4346-A08F-B4D34B80420B}.Release|Any CPU.ActiveCfg = Release|Any CPU
		{592A5C60-FECE-4346-A08F-B4D34B80420B}.Release|Any CPU.Build.0 = Release|Any CPU
	EndGlobalSection
	GlobalSection(SolutionProperties) = preSolution
		HideSolutionNode = FALSE
	EndGlobalSection
	GlobalSection(ExtensibilityGlobals) = postSolution
		SolutionGuid = {8166D3DE-CAFD-42F7-8A7C-4E606B316D08}
	EndGlobalSection
EndGlobal
