
Microsoft Visual Studio Solution File, Format Version 12.00
# Visual Studio Version 17
VisualStudioVersion = 17.7.34221.43
MinimumVisualStudioVersion = 10.0.40219.1
Project("{9A19103F-16F7-4668-BE54-9A1E7A4F7556}") = "GUI I2G", "GUI I2G.csproj", "{94479B8B-6B13-4CEE-80E5-273C90C69D88}"
EndProject
Global
	GlobalSection(SolutionConfigurationPlatforms) = preSolution
		Debug|Any CPU = Debug|Any CPU
		Release|Any CPU = Release|Any CPU
	EndGlobalSection
	GlobalSection(ProjectConfigurationPlatforms) = postSolution
		{94479B8B-6B13-4CEE-80E5-273C90C69D88}.Debug|Any CPU.ActiveCfg = Debug|Any CPU
		{94479B8B-6B13-4CEE-80E5-273C90C69D88}.Debug|Any CPU.Build.0 = Debug|Any CPU
		{94479B8B-6B13-4CEE-80E5-273C90C69D88}.Release|Any CPU.ActiveCfg = Release|Any CPU
		{94479B8B-6B13-4CEE-80E5-273C90C69D88}.Release|Any CPU.Build.0 = Release|Any CPU
	EndGlobalSection
	GlobalSection(SolutionProperties) = preSolution
		HideSolutionNode = FALSE
	EndGlobalSection
	GlobalSection(ExtensibilityGlobals) = postSolution
		SolutionGuid = {2142D7F9-011C-437B-8399-B9891B920332}
	EndGlobalSection
EndGlobal
