
Microsoft Visual Studio Solution File, Format Version 12.00
# Visual Studio Version 17
VisualStudioVersion = 17.7.34221.43
MinimumVisualStudioVersion = 10.0.40219.1
Project("{9A19103F-16F7-4668-BE54-9A1E7A4F7556}") = "GUI_I2G", "GUI_I2G.csproj", "{94479B8B-6B13-4CEE-80E5-273C90C69D88}"
EndProject
Project("{FAE04EC0-301F-11D3-BF4B-00C04F79EFBC}") = "GCode_Test", "..\GCode_Test\GCode_Test.csproj", "{DF379954-1E6C-4384-950F-AB33949BF3BF}"
EndProject
Global
	GlobalSection(SolutionConfigurationPlatforms) = preSolution
		Debug|Any CPU = Debug|Any CPU
		Debug|ARM = Debug|ARM
		Debug|ARM64 = Debug|ARM64
		Debug|x64 = Debug|x64
		Debug|x86 = Debug|x86
		Release|Any CPU = Release|Any CPU
		Release|ARM = Release|ARM
		Release|ARM64 = Release|ARM64
		Release|x64 = Release|x64
		Release|x86 = Release|x86
	EndGlobalSection
	GlobalSection(ProjectConfigurationPlatforms) = postSolution
		{94479B8B-6B13-4CEE-80E5-273C90C69D88}.Debug|Any CPU.ActiveCfg = Debug|Any CPU
		{94479B8B-6B13-4CEE-80E5-273C90C69D88}.Debug|Any CPU.Build.0 = Debug|Any CPU
		{94479B8B-6B13-4CEE-80E5-273C90C69D88}.Debug|ARM.ActiveCfg = Debug|Any CPU
		{94479B8B-6B13-4CEE-80E5-273C90C69D88}.Debug|ARM.Build.0 = Debug|Any CPU
		{94479B8B-6B13-4CEE-80E5-273C90C69D88}.Debug|ARM64.ActiveCfg = Debug|Any CPU
		{94479B8B-6B13-4CEE-80E5-273C90C69D88}.Debug|ARM64.Build.0 = Debug|Any CPU
		{94479B8B-6B13-4CEE-80E5-273C90C69D88}.Debug|x64.ActiveCfg = Debug|Any CPU
		{94479B8B-6B13-4CEE-80E5-273C90C69D88}.Debug|x64.Build.0 = Debug|Any CPU
		{94479B8B-6B13-4CEE-80E5-273C90C69D88}.Debug|x86.ActiveCfg = Debug|Any CPU
		{94479B8B-6B13-4CEE-80E5-273C90C69D88}.Debug|x86.Build.0 = Debug|Any CPU
		{94479B8B-6B13-4CEE-80E5-273C90C69D88}.Release|Any CPU.ActiveCfg = Release|Any CPU
		{94479B8B-6B13-4CEE-80E5-273C90C69D88}.Release|Any CPU.Build.0 = Release|Any CPU
		{94479B8B-6B13-4CEE-80E5-273C90C69D88}.Release|ARM.ActiveCfg = Release|Any CPU
		{94479B8B-6B13-4CEE-80E5-273C90C69D88}.Release|ARM.Build.0 = Release|Any CPU
		{94479B8B-6B13-4CEE-80E5-273C90C69D88}.Release|ARM64.ActiveCfg = Release|Any CPU
		{94479B8B-6B13-4CEE-80E5-273C90C69D88}.Release|ARM64.Build.0 = Release|Any CPU
		{94479B8B-6B13-4CEE-80E5-273C90C69D88}.Release|x64.ActiveCfg = Release|Any CPU
		{94479B8B-6B13-4CEE-80E5-273C90C69D88}.Release|x64.Build.0 = Release|Any CPU
		{94479B8B-6B13-4CEE-80E5-273C90C69D88}.Release|x86.ActiveCfg = Release|Any CPU
		{94479B8B-6B13-4CEE-80E5-273C90C69D88}.Release|x86.Build.0 = Release|Any CPU
		{DF379954-1E6C-4384-950F-AB33949BF3BF}.Debug|Any CPU.ActiveCfg = Debug|x64
		{DF379954-1E6C-4384-950F-AB33949BF3BF}.Debug|Any CPU.Build.0 = Debug|x64
		{DF379954-1E6C-4384-950F-AB33949BF3BF}.Debug|Any CPU.Deploy.0 = Debug|x64
		{DF379954-1E6C-4384-950F-AB33949BF3BF}.Debug|ARM.ActiveCfg = Debug|ARM
		{DF379954-1E6C-4384-950F-AB33949BF3BF}.Debug|ARM.Build.0 = Debug|ARM
		{DF379954-1E6C-4384-950F-AB33949BF3BF}.Debug|ARM.Deploy.0 = Debug|ARM
		{DF379954-1E6C-4384-950F-AB33949BF3BF}.Debug|ARM64.ActiveCfg = Debug|ARM64
		{DF379954-1E6C-4384-950F-AB33949BF3BF}.Debug|ARM64.Build.0 = Debug|ARM64
		{DF379954-1E6C-4384-950F-AB33949BF3BF}.Debug|ARM64.Deploy.0 = Debug|ARM64
		{DF379954-1E6C-4384-950F-AB33949BF3BF}.Debug|x64.ActiveCfg = Debug|x64
		{DF379954-1E6C-4384-950F-AB33949BF3BF}.Debug|x64.Build.0 = Debug|x64
		{DF379954-1E6C-4384-950F-AB33949BF3BF}.Debug|x64.Deploy.0 = Debug|x64
		{DF379954-1E6C-4384-950F-AB33949BF3BF}.Debug|x86.ActiveCfg = Debug|x86
		{DF379954-1E6C-4384-950F-AB33949BF3BF}.Debug|x86.Build.0 = Debug|x86
		{DF379954-1E6C-4384-950F-AB33949BF3BF}.Debug|x86.Deploy.0 = Debug|x86
		{DF379954-1E6C-4384-950F-AB33949BF3BF}.Release|Any CPU.ActiveCfg = Release|x64
		{DF379954-1E6C-4384-950F-AB33949BF3BF}.Release|Any CPU.Build.0 = Release|x64
		{DF379954-1E6C-4384-950F-AB33949BF3BF}.Release|Any CPU.Deploy.0 = Release|x64
		{DF379954-1E6C-4384-950F-AB33949BF3BF}.Release|ARM.ActiveCfg = Release|ARM
		{DF379954-1E6C-4384-950F-AB33949BF3BF}.Release|ARM.Build.0 = Release|ARM
		{DF379954-1E6C-4384-950F-AB33949BF3BF}.Release|ARM.Deploy.0 = Release|ARM
		{DF379954-1E6C-4384-950F-AB33949BF3BF}.Release|ARM64.ActiveCfg = Release|ARM64
		{DF379954-1E6C-4384-950F-AB33949BF3BF}.Release|ARM64.Build.0 = Release|ARM64
		{DF379954-1E6C-4384-950F-AB33949BF3BF}.Release|ARM64.Deploy.0 = Release|ARM64
		{DF379954-1E6C-4384-950F-AB33949BF3BF}.Release|x64.ActiveCfg = Release|x64
		{DF379954-1E6C-4384-950F-AB33949BF3BF}.Release|x64.Build.0 = Release|x64
		{DF379954-1E6C-4384-950F-AB33949BF3BF}.Release|x64.Deploy.0 = Release|x64
		{DF379954-1E6C-4384-950F-AB33949BF3BF}.Release|x86.ActiveCfg = Release|x86
		{DF379954-1E6C-4384-950F-AB33949BF3BF}.Release|x86.Build.0 = Release|x86
		{DF379954-1E6C-4384-950F-AB33949BF3BF}.Release|x86.Deploy.0 = Release|x86
	EndGlobalSection
	GlobalSection(SolutionProperties) = preSolution
		HideSolutionNode = FALSE
	EndGlobalSection
	GlobalSection(ExtensibilityGlobals) = postSolution
		SolutionGuid = {2142D7F9-011C-437B-8399-B9891B920332}
	EndGlobalSection
EndGlobal
